
Microsoft Visual Studio Solution File, Format Version 12.00
# Visual Studio Version 17
VisualStudioVersion = 17.13.35828.75
MinimumVisualStudioVersion = 10.0.40219.1
Project("{FAE04EC0-301F-11D3-BF4B-00C04F79EFBC}") = "ConsoleApplication2Apr2025", "ConsoleApplication2Apr2025\ConsoleApplication2Apr2025.csproj", "{9D976466-702D-4DE0-BD42-CBEF1E144929}"
EndProject
Project("{FAE04EC0-301F-11D3-BF4B-00C04F79EFBC}") = "ConsoleApplication2May2025", "ConsoleApplication2May2025\ConsoleApplication2May2025.csproj", "{201C198B-56C2-49EA-B0D2-5BE3FEBFD9A1}"
EndProject
Project("{FAE04EC0-301F-11D3-BF4B-00C04F79EFBC}") = "ConsoleApplication3May2025", "ConsoleApplication3May2025\ConsoleApplication3May2025.csproj", "{2C1B469A-7F57-4DCB-BB78-32011165223F}"
EndProject
Project("{FAE04EC0-301F-11D3-BF4B-00C04F79EFBC}") = "ConsoleApplication4May2025", "ConsoleApplication4May2025\ConsoleApplication4May2025.csproj", "{3692D38C-2B2F-4E79-B6D8-177338117EBC}"
EndProject
Project("{FAE04EC0-301F-11D3-BF4B-00C04F79EFBC}") = "ConsoleApplication5May2025", "ConsoleApplication5May2025\ConsoleApplication5May2025.csproj", "{28E0A0DD-F350-4395-9D62-D55E878428A8}"
EndProject
Project("{FAE04EC0-301F-11D3-BF4B-00C04F79EFBC}") = "ConsoleDutchEnglishSeq2Seq1Jun2025", "ConsoleDutchEnglishSeq2Seq1Jun2025\ConsoleDutchEnglishSeq2Seq1Jun2025.csproj", "{667CED21-A960-4AF9-B7E4-5E5590C1D677}"
EndProject
Project("{FAE04EC0-301F-11D3-BF4B-00C04F79EFBC}") = "ConsoleDutchItalianSeq2Seq1Jun2025", "ConsoleDutchItalianSeq2Seq1Jun2025\ConsoleDutchItalianSeq2Seq1Jun2025.csproj", "{24D13E13-7752-4D5D-AE6B-69A939FECA1A}"
EndProject
Project("{FAE04EC0-301F-11D3-BF4B-00C04F79EFBC}") = "ConsoleDutchItalianSeq2Seq2Jun2025", "ConsoleDutchItalianSeq2Seq2Jun2025\ConsoleDutchItalianSeq2Seq2Jun2025.csproj", "{A6DBB052-F4FF-4C1E-BD76-C5BD89732E64}"
EndProject
Project("{FAE04EC0-301F-11D3-BF4B-00C04F79EFBC}") = "ConsoleDutchEnglishSeq2Seq3Jun2025", "ConsoleDutchEnglishSeq2Seq3Jun2025\ConsoleDutchEnglishSeq2Seq3Jun2025.csproj", "{19A5403D-8B12-4BBD-9D43-0240CCEACEDB}"
EndProject
Project("{FAE04EC0-301F-11D3-BF4B-00C04F79EFBC}") = "ConsoleDutchEnglishSeq2Seq2Jun2025", "ConsoleDutchEnglishSeq2Seq2Jun2025\ConsoleDutchEnglishSeq2Seq2Jun2025.csproj", "{2C27AD77-8F09-42C0-B159-6D77B646A58D}"
EndProject
Project("{FAE04EC0-301F-11D3-BF4B-00C04F79EFBC}") = "ConsoleDutchItalianSeq2Seq3Jun2025", "ConsoleDutchItalianSeq2Seq3Jun2025\ConsoleDutchItalianSeq2Seq3Jun2025.csproj", "{AEBAAF58-4228-42F2-BD7C-8EB688418BBA}"
EndProject
Project("{FAE04EC0-301F-11D3-BF4B-00C04F79EFBC}") = "ConsoleDutchItalianSeq2Seq4Jun2025", "ConsoleDutchItalianSeq2Seq4Jun2025\ConsoleDutchItalianSeq2Seq4Jun2025.csproj", "{1B27069F-882C-4196-B002-A8F1655752BE}"
EndProject
Project("{FAE04EC0-301F-11D3-BF4B-00C04F79EFBC}") = "ConsoleDutchItalianSeq2Seq5Jun2025", "ConsoleDutchItalianSeq2Seq5Jun2025\ConsoleDutchItalianSeq2Seq5Jun2025.csproj", "{F22C3D8B-9FF6-475F-BB33-79E9279BAB72}"
EndProject
Project("{FAE04EC0-301F-11D3-BF4B-00C04F79EFBC}") = "ConsoleDutchItalianSeq2Seq6Jun2025", "ConsoleDutchItalianSeq2Seq6Jun2025\ConsoleDutchItalianSeq2Seq6Jun2025.csproj", "{3434E887-C791-40D6-BF41-ADFB27E8CB9B}"
EndProject
Project("{FAE04EC0-301F-11D3-BF4B-00C04F79EFBC}") = "ConsoleDutchItalianSeq2Seq7Jun2025", "ConsoleDutchItalianSeq2Seq7Jun2025\ConsoleDutchItalianSeq2Seq7Jun2025.csproj", "{AFD331E4-4FB2-442B-B95F-74A07447BD81}"
EndProject
Project("{FAE04EC0-301F-11D3-BF4B-00C04F79EFBC}") = "ConsoleDutchItalianSeq2Seq8Jun2025", "ConsoleDutchItalianSeq2Seq8Jun2025\ConsoleDutchItalianSeq2Seq8Jun2025.csproj", "{1AE5D0E6-F369-4122-861D-2DB746994D37}"
EndProject
Project("{FAE04EC0-301F-11D3-BF4B-00C04F79EFBC}") = "ConsoleDutchItalianSeq2Seq01Jul2025", "ConsoleDutchItalianSeq2Seq01Jul2025\ConsoleDutchItalianSeq2Seq01Jul2025.csproj", "{E81D332E-98E7-423B-A452-E58BF54A4838}"
EndProject
Project("{FAE04EC0-301F-11D3-BF4B-00C04F79EFBC}") = "ConsoleDutchItalianSeq2Seq02Jul2025", "ConsoleDutchItalianSeq2Seq02Jul2025\ConsoleDutchItalianSeq2Seq02Jul2025.csproj", "{4E749B17-201E-4607-93DD-BA288A512932}"
EndProject
Project("{FAE04EC0-301F-11D3-BF4B-00C04F79EFBC}") = "ConsoleDutchItalianSeq2Seq03Jul2025", "ConsoleDutchItalianSeq2Seq03Jul2025\ConsoleDutchItalianSeq2Seq03Jul2025.csproj", "{2C4B6327-413C-4E66-9C1A-12CF81F4B7E6}"
EndProject
Project("{FAE04EC0-301F-11D3-BF4B-00C04F79EFBC}") = "ConsoleDutchItalianSeq2Seq04Jul2025", "ConsoleDutchItalianSeq2Seq04Jul2025\ConsoleDutchItalianSeq2Seq04Jul2025.csproj", "{357AC283-84A4-4F58-B047-10163B488E13}"
EndProject
Project("{FAE04EC0-301F-11D3-BF4B-00C04F79EFBC}") = "ConsoleDutchItalianSeq2Seq05Jul2025", "ConsoleDutchItalianSeq2Seq05Jul2025\ConsoleDutchItalianSeq2Seq05Jul2025.csproj", "{B9516040-F351-45E2-A939-103DD053CB60}"
EndProject
Project("{FAE04EC0-301F-11D3-BF4B-00C04F79EFBC}") = "ConsoleDutchItalianSeq2Seq06Jul2025", "ConsoleDutchItalianSeq2Seq06Jul2025\ConsoleDutchItalianSeq2Seq06Jul2025.csproj", "{2651569F-370A-47FB-99DB-4274E0065589}"
EndProject
Project("{FAE04EC0-301F-11D3-BF4B-00C04F79EFBC}") = "ConsoleDutchItalianSeq2Seq07Jul2025", "ConsoleDutchItalianSeq2Seq07Jul2025\ConsoleDutchItalianSeq2Seq07Jul2025.csproj", "{C49984FD-5367-4B92-8839-CF6D84D6CFF4}"
EndProject
Project("{FAE04EC0-301F-11D3-BF4B-00C04F79EFBC}") = "ConsoleDutchItalianSeq2Seq08Jul2025", "ConsoleDutchItalianSeq2Seq08Jul2025\ConsoleDutchItalianSeq2Seq08Jul2025.csproj", "{7291D193-762C-4E45-9C73-0A9F7805E505}"
EndProject
Project("{FAE04EC0-301F-11D3-BF4B-00C04F79EFBC}") = "ConsoleDutchItalianSeq2Seq09Jul2025", "ConsoleDutchItalianSeq2Seq09Jul2025\ConsoleDutchItalianSeq2Seq09Jul2025.csproj", "{E0503F29-A31F-4D0F-B865-FC503BB974F6}"
EndProject
Project("{FAE04EC0-301F-11D3-BF4B-00C04F79EFBC}") = "ConsoleDutchItalianSeq2Seq10Jul2025", "ConsoleDutchItalianSeq2Seq10Jul2025\ConsoleDutchItalianSeq2Seq10Jul2025.csproj", "{4F64BDF2-3753-4EB5-B89B-54F6ED4C7DF7}"
EndProject
Project("{FAE04EC0-301F-11D3-BF4B-00C04F79EFBC}") = "ConsoleDutchItalianSeq2Seq11Jul2025", "ConsoleDutchItalianSeq2Seq11Jul2025\ConsoleDutchItalianSeq2Seq11Jul2025.csproj", "{C17A762A-3D34-40D6-AC4B-0AF600BE4D21}"
EndProject
Project("{FAE04EC0-301F-11D3-BF4B-00C04F79EFBC}") = "ConsoleDutchItalianSeq2Seq12Jul2025", "ConsoleDutchItalianSeq2Seq12Jul2025\ConsoleDutchItalianSeq2Seq12Jul2025.csproj", "{F5CE2A90-1813-437E-8F55-5079F42EC8B6}"
EndProject
Project("{FAE04EC0-301F-11D3-BF4B-00C04F79EFBC}") = "ConsoleDutchItalianSeq2Seq13Jul2025", "ConsoleDutchItalianSeq2Seq13Jul2025\ConsoleDutchItalianSeq2Seq13Jul2025.csproj", "{8B8A0410-6DE2-4B54-8BE5-268818644E28}"
EndProject
Project("{FAE04EC0-301F-11D3-BF4B-00C04F79EFBC}") = "ConsoleDutchItalianSeq2Seq14Jul2025", "ConsoleDutchItalianSeq2Seq14Jul2025\ConsoleDutchItalianSeq2Seq14Jul2025.csproj", "{730D7EEA-08A1-4F2D-8990-79C89497F377}"
EndProject
Project("{FAE04EC0-301F-11D3-BF4B-00C04F79EFBC}") = "ConsoleDutchItalianSeq2Seq15Jul2025", "ConsoleDutchItalianSeq2Seq15Jul2025\ConsoleDutchItalianSeq2Seq15Jul2025.csproj", "{711F01D1-8FB9-43C4-9165-C06959F1BD6D}"
EndProject
Project("{FAE04EC0-301F-11D3-BF4B-00C04F79EFBC}") = "ConsoleDutchItalianSeq2Seq16Jul2025", "ConsoleDutchItalianSeq2Seq16Jul2025\ConsoleDutchItalianSeq2Seq16Jul2025.csproj", "{371A5442-99EB-40AD-BC21-77422A783914}"
EndProject
Project("{FAE04EC0-301F-11D3-BF4B-00C04F79EFBC}") = "ConsoleDutchItalianSeq2Seq17Jul2025", "ConsoleDutchItalianSeq2Seq17Jul2025\ConsoleDutchItalianSeq2Seq17Jul2025.csproj", "{5BD8A096-9F7E-4F7C-9F78-A4BF0C910660}"
EndProject
Global
	GlobalSection(SolutionConfigurationPlatforms) = preSolution
		Debug|Any CPU = Debug|Any CPU
		Release|Any CPU = Release|Any CPU
	EndGlobalSection
	GlobalSection(ProjectConfigurationPlatforms) = postSolution
		{9D976466-702D-4DE0-BD42-CBEF1E144929}.Debug|Any CPU.ActiveCfg = Debug|Any CPU
		{9D976466-702D-4DE0-BD42-CBEF1E144929}.Debug|Any CPU.Build.0 = Debug|Any CPU
		{9D976466-702D-4DE0-BD42-CBEF1E144929}.Release|Any CPU.ActiveCfg = Release|Any CPU
		{9D976466-702D-4DE0-BD42-CBEF1E144929}.Release|Any CPU.Build.0 = Release|Any CPU
		{201C198B-56C2-49EA-B0D2-5BE3FEBFD9A1}.Debug|Any CPU.ActiveCfg = Debug|Any CPU
		{201C198B-56C2-49EA-B0D2-5BE3FEBFD9A1}.Debug|Any CPU.Build.0 = Debug|Any CPU
		{201C198B-56C2-49EA-B0D2-5BE3FEBFD9A1}.Release|Any CPU.ActiveCfg = Release|Any CPU
		{201C198B-56C2-49EA-B0D2-5BE3FEBFD9A1}.Release|Any CPU.Build.0 = Release|Any CPU
		{2C1B469A-7F57-4DCB-BB78-32011165223F}.Debug|Any CPU.ActiveCfg = Debug|Any CPU
		{2C1B469A-7F57-4DCB-BB78-32011165223F}.Debug|Any CPU.Build.0 = Debug|Any CPU
		{2C1B469A-7F57-4DCB-BB78-32011165223F}.Release|Any CPU.ActiveCfg = Release|Any CPU
		{2C1B469A-7F57-4DCB-BB78-32011165223F}.Release|Any CPU.Build.0 = Release|Any CPU
		{3692D38C-2B2F-4E79-B6D8-177338117EBC}.Debug|Any CPU.ActiveCfg = Debug|Any CPU
		{3692D38C-2B2F-4E79-B6D8-177338117EBC}.Debug|Any CPU.Build.0 = Debug|Any CPU
		{3692D38C-2B2F-4E79-B6D8-177338117EBC}.Release|Any CPU.ActiveCfg = Release|Any CPU
		{3692D38C-2B2F-4E79-B6D8-177338117EBC}.Release|Any CPU.Build.0 = Release|Any CPU
		{28E0A0DD-F350-4395-9D62-D55E878428A8}.Debug|Any CPU.ActiveCfg = Debug|Any CPU
		{28E0A0DD-F350-4395-9D62-D55E878428A8}.Debug|Any CPU.Build.0 = Debug|Any CPU
		{28E0A0DD-F350-4395-9D62-D55E878428A8}.Release|Any CPU.ActiveCfg = Release|Any CPU
		{28E0A0DD-F350-4395-9D62-D55E878428A8}.Release|Any CPU.Build.0 = Release|Any CPU
		{667CED21-A960-4AF9-B7E4-5E5590C1D677}.Debug|Any CPU.ActiveCfg = Debug|Any CPU
		{667CED21-A960-4AF9-B7E4-5E5590C1D677}.Debug|Any CPU.Build.0 = Debug|Any CPU
		{667CED21-A960-4AF9-B7E4-5E5590C1D677}.Release|Any CPU.ActiveCfg = Release|Any CPU
		{667CED21-A960-4AF9-B7E4-5E5590C1D677}.Release|Any CPU.Build.0 = Release|Any CPU
		{24D13E13-7752-4D5D-AE6B-69A939FECA1A}.Debug|Any CPU.ActiveCfg = Debug|Any CPU
		{24D13E13-7752-4D5D-AE6B-69A939FECA1A}.Debug|Any CPU.Build.0 = Debug|Any CPU
		{24D13E13-7752-4D5D-AE6B-69A939FECA1A}.Release|Any CPU.ActiveCfg = Release|Any CPU
		{24D13E13-7752-4D5D-AE6B-69A939FECA1A}.Release|Any CPU.Build.0 = Release|Any CPU
		{A6DBB052-F4FF-4C1E-BD76-C5BD89732E64}.Debug|Any CPU.ActiveCfg = Debug|Any CPU
		{A6DBB052-F4FF-4C1E-BD76-C5BD89732E64}.Debug|Any CPU.Build.0 = Debug|Any CPU
		{A6DBB052-F4FF-4C1E-BD76-C5BD89732E64}.Release|Any CPU.ActiveCfg = Release|Any CPU
		{A6DBB052-F4FF-4C1E-BD76-C5BD89732E64}.Release|Any CPU.Build.0 = Release|Any CPU
		{19A5403D-8B12-4BBD-9D43-0240CCEACEDB}.Debug|Any CPU.ActiveCfg = Debug|Any CPU
		{19A5403D-8B12-4BBD-9D43-0240CCEACEDB}.Debug|Any CPU.Build.0 = Debug|Any CPU
		{19A5403D-8B12-4BBD-9D43-0240CCEACEDB}.Release|Any CPU.ActiveCfg = Release|Any CPU
		{19A5403D-8B12-4BBD-9D43-0240CCEACEDB}.Release|Any CPU.Build.0 = Release|Any CPU
		{2C27AD77-8F09-42C0-B159-6D77B646A58D}.Debug|Any CPU.ActiveCfg = Debug|Any CPU
		{2C27AD77-8F09-42C0-B159-6D77B646A58D}.Debug|Any CPU.Build.0 = Debug|Any CPU
		{2C27AD77-8F09-42C0-B159-6D77B646A58D}.Release|Any CPU.ActiveCfg = Release|Any CPU
		{2C27AD77-8F09-42C0-B159-6D77B646A58D}.Release|Any CPU.Build.0 = Release|Any CPU
		{AEBAAF58-4228-42F2-BD7C-8EB688418BBA}.Debug|Any CPU.ActiveCfg = Debug|Any CPU
		{AEBAAF58-4228-42F2-BD7C-8EB688418BBA}.Debug|Any CPU.Build.0 = Debug|Any CPU
		{AEBAAF58-4228-42F2-BD7C-8EB688418BBA}.Release|Any CPU.ActiveCfg = Release|Any CPU
		{AEBAAF58-4228-42F2-BD7C-8EB688418BBA}.Release|Any CPU.Build.0 = Release|Any CPU
		{1B27069F-882C-4196-B002-A8F1655752BE}.Debug|Any CPU.ActiveCfg = Debug|Any CPU
		{1B27069F-882C-4196-B002-A8F1655752BE}.Debug|Any CPU.Build.0 = Debug|Any CPU
		{1B27069F-882C-4196-B002-A8F1655752BE}.Release|Any CPU.ActiveCfg = Release|Any CPU
		{1B27069F-882C-4196-B002-A8F1655752BE}.Release|Any CPU.Build.0 = Release|Any CPU
		{F22C3D8B-9FF6-475F-BB33-79E9279BAB72}.Debug|Any CPU.ActiveCfg = Debug|Any CPU
		{F22C3D8B-9FF6-475F-BB33-79E9279BAB72}.Debug|Any CPU.Build.0 = Debug|Any CPU
		{F22C3D8B-9FF6-475F-BB33-79E9279BAB72}.Release|Any CPU.ActiveCfg = Release|Any CPU
		{F22C3D8B-9FF6-475F-BB33-79E9279BAB72}.Release|Any CPU.Build.0 = Release|Any CPU
		{3434E887-C791-40D6-BF41-ADFB27E8CB9B}.Debug|Any CPU.ActiveCfg = Debug|Any CPU
		{3434E887-C791-40D6-BF41-ADFB27E8CB9B}.Debug|Any CPU.Build.0 = Debug|Any CPU
		{3434E887-C791-40D6-BF41-ADFB27E8CB9B}.Release|Any CPU.ActiveCfg = Release|Any CPU
		{3434E887-C791-40D6-BF41-ADFB27E8CB9B}.Release|Any CPU.Build.0 = Release|Any CPU
		{AFD331E4-4FB2-442B-B95F-74A07447BD81}.Debug|Any CPU.ActiveCfg = Debug|Any CPU
		{AFD331E4-4FB2-442B-B95F-74A07447BD81}.Debug|Any CPU.Build.0 = Debug|Any CPU
		{AFD331E4-4FB2-442B-B95F-74A07447BD81}.Release|Any CPU.ActiveCfg = Release|Any CPU
		{AFD331E4-4FB2-442B-B95F-74A07447BD81}.Release|Any CPU.Build.0 = Release|Any CPU
		{1AE5D0E6-F369-4122-861D-2DB746994D37}.Debug|Any CPU.ActiveCfg = Debug|Any CPU
		{1AE5D0E6-F369-4122-861D-2DB746994D37}.Debug|Any CPU.Build.0 = Debug|Any CPU
		{1AE5D0E6-F369-4122-861D-2DB746994D37}.Release|Any CPU.ActiveCfg = Release|Any CPU
		{1AE5D0E6-F369-4122-861D-2DB746994D37}.Release|Any CPU.Build.0 = Release|Any CPU
		{E81D332E-98E7-423B-A452-E58BF54A4838}.Debug|Any CPU.ActiveCfg = Debug|Any CPU
		{E81D332E-98E7-423B-A452-E58BF54A4838}.Debug|Any CPU.Build.0 = Debug|Any CPU
		{E81D332E-98E7-423B-A452-E58BF54A4838}.Release|Any CPU.ActiveCfg = Release|Any CPU
		{E81D332E-98E7-423B-A452-E58BF54A4838}.Release|Any CPU.Build.0 = Release|Any CPU
		{4E749B17-201E-4607-93DD-BA288A512932}.Debug|Any CPU.ActiveCfg = Debug|Any CPU
		{4E749B17-201E-4607-93DD-BA288A512932}.Debug|Any CPU.Build.0 = Debug|Any CPU
		{4E749B17-201E-4607-93DD-BA288A512932}.Release|Any CPU.ActiveCfg = Release|Any CPU
		{4E749B17-201E-4607-93DD-BA288A512932}.Release|Any CPU.Build.0 = Release|Any CPU
		{2C4B6327-413C-4E66-9C1A-12CF81F4B7E6}.Debug|Any CPU.ActiveCfg = Debug|Any CPU
		{2C4B6327-413C-4E66-9C1A-12CF81F4B7E6}.Debug|Any CPU.Build.0 = Debug|Any CPU
		{2C4B6327-413C-4E66-9C1A-12CF81F4B7E6}.Release|Any CPU.ActiveCfg = Release|Any CPU
		{2C4B6327-413C-4E66-9C1A-12CF81F4B7E6}.Release|Any CPU.Build.0 = Release|Any CPU
		{357AC283-84A4-4F58-B047-10163B488E13}.Debug|Any CPU.ActiveCfg = Debug|Any CPU
		{357AC283-84A4-4F58-B047-10163B488E13}.Debug|Any CPU.Build.0 = Debug|Any CPU
		{357AC283-84A4-4F58-B047-10163B488E13}.Release|Any CPU.ActiveCfg = Release|Any CPU
		{357AC283-84A4-4F58-B047-10163B488E13}.Release|Any CPU.Build.0 = Release|Any CPU
		{B9516040-F351-45E2-A939-103DD053CB60}.Debug|Any CPU.ActiveCfg = Debug|Any CPU
		{B9516040-F351-45E2-A939-103DD053CB60}.Debug|Any CPU.Build.0 = Debug|Any CPU
		{B9516040-F351-45E2-A939-103DD053CB60}.Release|Any CPU.ActiveCfg = Release|Any CPU
		{B9516040-F351-45E2-A939-103DD053CB60}.Release|Any CPU.Build.0 = Release|Any CPU
		{2651569F-370A-47FB-99DB-4274E0065589}.Debug|Any CPU.ActiveCfg = Debug|Any CPU
		{2651569F-370A-47FB-99DB-4274E0065589}.Debug|Any CPU.Build.0 = Debug|Any CPU
		{2651569F-370A-47FB-99DB-4274E0065589}.Release|Any CPU.ActiveCfg = Release|Any CPU
		{2651569F-370A-47FB-99DB-4274E0065589}.Release|Any CPU.Build.0 = Release|Any CPU
		{C49984FD-5367-4B92-8839-CF6D84D6CFF4}.Debug|Any CPU.ActiveCfg = Debug|Any CPU
		{C49984FD-5367-4B92-8839-CF6D84D6CFF4}.Debug|Any CPU.Build.0 = Debug|Any CPU
		{C49984FD-5367-4B92-8839-CF6D84D6CFF4}.Release|Any CPU.ActiveCfg = Release|Any CPU
		{C49984FD-5367-4B92-8839-CF6D84D6CFF4}.Release|Any CPU.Build.0 = Release|Any CPU
		{7291D193-762C-4E45-9C73-0A9F7805E505}.Debug|Any CPU.ActiveCfg = Debug|Any CPU
		{7291D193-762C-4E45-9C73-0A9F7805E505}.Debug|Any CPU.Build.0 = Debug|Any CPU
		{7291D193-762C-4E45-9C73-0A9F7805E505}.Release|Any CPU.ActiveCfg = Release|Any CPU
		{7291D193-762C-4E45-9C73-0A9F7805E505}.Release|Any CPU.Build.0 = Release|Any CPU
		{E0503F29-A31F-4D0F-B865-FC503BB974F6}.Debug|Any CPU.ActiveCfg = Debug|Any CPU
		{E0503F29-A31F-4D0F-B865-FC503BB974F6}.Debug|Any CPU.Build.0 = Debug|Any CPU
		{E0503F29-A31F-4D0F-B865-FC503BB974F6}.Release|Any CPU.ActiveCfg = Release|Any CPU
		{E0503F29-A31F-4D0F-B865-FC503BB974F6}.Release|Any CPU.Build.0 = Release|Any CPU
		{4F64BDF2-3753-4EB5-B89B-54F6ED4C7DF7}.Debug|Any CPU.ActiveCfg = Debug|Any CPU
		{4F64BDF2-3753-4EB5-B89B-54F6ED4C7DF7}.Debug|Any CPU.Build.0 = Debug|Any CPU
		{4F64BDF2-3753-4EB5-B89B-54F6ED4C7DF7}.Release|Any CPU.ActiveCfg = Release|Any CPU
		{4F64BDF2-3753-4EB5-B89B-54F6ED4C7DF7}.Release|Any CPU.Build.0 = Release|Any CPU
		{C17A762A-3D34-40D6-AC4B-0AF600BE4D21}.Debug|Any CPU.ActiveCfg = Debug|Any CPU
		{C17A762A-3D34-40D6-AC4B-0AF600BE4D21}.Debug|Any CPU.Build.0 = Debug|Any CPU
		{C17A762A-3D34-40D6-AC4B-0AF600BE4D21}.Release|Any CPU.ActiveCfg = Release|Any CPU
		{C17A762A-3D34-40D6-AC4B-0AF600BE4D21}.Release|Any CPU.Build.0 = Release|Any CPU
		{F5CE2A90-1813-437E-8F55-5079F42EC8B6}.Debug|Any CPU.ActiveCfg = Debug|Any CPU
		{F5CE2A90-1813-437E-8F55-5079F42EC8B6}.Debug|Any CPU.Build.0 = Debug|Any CPU
		{F5CE2A90-1813-437E-8F55-5079F42EC8B6}.Release|Any CPU.ActiveCfg = Release|Any CPU
		{F5CE2A90-1813-437E-8F55-5079F42EC8B6}.Release|Any CPU.Build.0 = Release|Any CPU
		{8B8A0410-6DE2-4B54-8BE5-268818644E28}.Debug|Any CPU.ActiveCfg = Debug|Any CPU
		{8B8A0410-6DE2-4B54-8BE5-268818644E28}.Debug|Any CPU.Build.0 = Debug|Any CPU
		{8B8A0410-6DE2-4B54-8BE5-268818644E28}.Release|Any CPU.ActiveCfg = Release|Any CPU
		{8B8A0410-6DE2-4B54-8BE5-268818644E28}.Release|Any CPU.Build.0 = Release|Any CPU
		{730D7EEA-08A1-4F2D-8990-79C89497F377}.Debug|Any CPU.ActiveCfg = Debug|Any CPU
		{730D7EEA-08A1-4F2D-8990-79C89497F377}.Debug|Any CPU.Build.0 = Debug|Any CPU
		{730D7EEA-08A1-4F2D-8990-79C89497F377}.Release|Any CPU.ActiveCfg = Release|Any CPU
		{730D7EEA-08A1-4F2D-8990-79C89497F377}.Release|Any CPU.Build.0 = Release|Any CPU
		{711F01D1-8FB9-43C4-9165-C06959F1BD6D}.Debug|Any CPU.ActiveCfg = Debug|Any CPU
		{711F01D1-8FB9-43C4-9165-C06959F1BD6D}.Debug|Any CPU.Build.0 = Debug|Any CPU
		{711F01D1-8FB9-43C4-9165-C06959F1BD6D}.Release|Any CPU.ActiveCfg = Release|Any CPU
		{711F01D1-8FB9-43C4-9165-C06959F1BD6D}.Release|Any CPU.Build.0 = Release|Any CPU
		{371A5442-99EB-40AD-BC21-77422A783914}.Debug|Any CPU.ActiveCfg = Debug|Any CPU
		{371A5442-99EB-40AD-BC21-77422A783914}.Debug|Any CPU.Build.0 = Debug|Any CPU
		{371A5442-99EB-40AD-BC21-77422A783914}.Release|Any CPU.ActiveCfg = Release|Any CPU
		{371A5442-99EB-40AD-BC21-77422A783914}.Release|Any CPU.Build.0 = Release|Any CPU
		{5BD8A096-9F7E-4F7C-9F78-A4BF0C910660}.Debug|Any CPU.ActiveCfg = Debug|Any CPU
		{5BD8A096-9F7E-4F7C-9F78-A4BF0C910660}.Debug|Any CPU.Build.0 = Debug|Any CPU
		{5BD8A096-9F7E-4F7C-9F78-A4BF0C910660}.Release|Any CPU.ActiveCfg = Release|Any CPU
		{5BD8A096-9F7E-4F7C-9F78-A4BF0C910660}.Release|Any CPU.Build.0 = Release|Any CPU
	EndGlobalSection
	GlobalSection(SolutionProperties) = preSolution
		HideSolutionNode = FALSE
	EndGlobalSection
	GlobalSection(ExtensibilityGlobals) = postSolution
		SolutionGuid = {52B08E63-D5AF-43D0-A505-CDE83AAC9D51}
	EndGlobalSection
EndGlobal
